
Microsoft Visual Studio Solution File, Format Version 12.00
# Visual Studio Version 17
VisualStudioVersion = 17.6.33815.320
MinimumVisualStudioVersion = 10.0.40219.1
Project("{FAE04EC0-301F-11D3-BF4B-00C04F79EFBC}") = "Coding_Standard", "Coding_Standard\Coding_Standard.csproj", "{450D43F5-DF9B-4DAC-84BF-904E8591A75E}"
EndProject
Global
	GlobalSection(SolutionConfigurationPlatforms) = preSolution
		Debug|Any CPU = Debug|Any CPU
		Release|Any CPU = Release|Any CPU
	EndGlobalSection
	GlobalSection(ProjectConfigurationPlatforms) = postSolution
		{450D43F5-DF9B-4DAC-84BF-904E8591A75E}.Debug|Any CPU.ActiveCfg = Debug|Any CPU
		{450D43F5-DF9B-4DAC-84BF-904E8591A75E}.Debug|Any CPU.Build.0 = Debug|Any CPU
		{450D43F5-DF9B-4DAC-84BF-904E8591A75E}.Release|Any CPU.ActiveCfg = Release|Any CPU
		{450D43F5-DF9B-4DAC-84BF-904E8591A75E}.Release|Any CPU.Build.0 = Release|Any CPU
	EndGlobalSection
	GlobalSection(SolutionProperties) = preSolution
		HideSolutionNode = FALSE
	EndGlobalSection
	GlobalSection(ExtensibilityGlobals) = postSolution
		SolutionGuid = {F401A8E5-66CB-40FF-9D5F-468785D5C214}
	EndGlobalSection
EndGlobal
